{
  "name": "mmm-page-selector",
  "version": "0.0.1",
  "lockfileVersion": 1,
  "requires": true,
  "dependencies": {
    "words-to-num": {
      "version": "0.0.2",
      "resolved": "https://registry.npmjs.org/words-to-num/-/words-to-num-0.0.2.tgz",
      "integrity": "sha1-QxsqdIaJ5B3uZYAwhtFn5cdGQ3U="
    }
  }
}
